
Microsoft Visual Studio Solution File, Format Version 12.00
# Visual Studio Version 16
VisualStudioVersion = 16.0.31321.278
MinimumVisualStudioVersion = 10.0.40219.1
Project("{9A19103F-16F7-4668-BE54-9A1E7A4F7556}") = "StudentOrganizer.DAL", "StudentOrganizer.DAL\StudentOrganizer.DAL.csproj", "{0FEFD77F-A576-47A2-9C9E-567C7C99C0E2}"
EndProject
Project("{9A19103F-16F7-4668-BE54-9A1E7A4F7556}") = "StudentOrganizer.BLL", "StudentOrganizer.BLL\StudentOrganizer.BLL.csproj", "{06D7D4AD-19AE-4C76-AC94-541BAE9B1A31}"
EndProject
Project("{FAE04EC0-301F-11D3-BF4B-00C04F79EFBC}") = "StudentOrganizer.Web", "StudentOrganizer.Web\StudentOrganizer.Web.csproj", "{520DB40B-9441-43EB-A27E-6B81DA64667B}"
EndProject
Global
	GlobalSection(SolutionConfigurationPlatforms) = preSolution
		Debug|Any CPU = Debug|Any CPU
		Release|Any CPU = Release|Any CPU
	EndGlobalSection
	GlobalSection(ProjectConfigurationPlatforms) = postSolution
		{0FEFD77F-A576-47A2-9C9E-567C7C99C0E2}.Debug|Any CPU.ActiveCfg = Debug|Any CPU
		{0FEFD77F-A576-47A2-9C9E-567C7C99C0E2}.Debug|Any CPU.Build.0 = Debug|Any CPU
		{0FEFD77F-A576-47A2-9C9E-567C7C99C0E2}.Release|Any CPU.ActiveCfg = Release|Any CPU
		{0FEFD77F-A576-47A2-9C9E-567C7C99C0E2}.Release|Any CPU.Build.0 = Release|Any CPU
		{06D7D4AD-19AE-4C76-AC94-541BAE9B1A31}.Debug|Any CPU.ActiveCfg = Debug|Any CPU
		{06D7D4AD-19AE-4C76-AC94-541BAE9B1A31}.Debug|Any CPU.Build.0 = Debug|Any CPU
		{06D7D4AD-19AE-4C76-AC94-541BAE9B1A31}.Release|Any CPU.ActiveCfg = Release|Any CPU
		{06D7D4AD-19AE-4C76-AC94-541BAE9B1A31}.Release|Any CPU.Build.0 = Release|Any CPU
		{520DB40B-9441-43EB-A27E-6B81DA64667B}.Debug|Any CPU.ActiveCfg = Debug|Any CPU
		{520DB40B-9441-43EB-A27E-6B81DA64667B}.Debug|Any CPU.Build.0 = Debug|Any CPU
		{520DB40B-9441-43EB-A27E-6B81DA64667B}.Release|Any CPU.ActiveCfg = Release|Any CPU
		{520DB40B-9441-43EB-A27E-6B81DA64667B}.Release|Any CPU.Build.0 = Release|Any CPU
	EndGlobalSection
	GlobalSection(SolutionProperties) = preSolution
		HideSolutionNode = FALSE
	EndGlobalSection
	GlobalSection(ExtensibilityGlobals) = postSolution
		SolutionGuid = {6C63D3FF-B14A-41B9-8115-3893918A477D}
	EndGlobalSection
EndGlobal
